
Microsoft Visual Studio Solution File, Format Version 12.00
# Visual Studio Version 17
VisualStudioVersion = 17.5.33530.505
MinimumVisualStudioVersion = 10.0.40219.1
Project("{9A19103F-16F7-4668-BE54-9A1E7A4F7556}") = "AgriHarvest.Api", "AgriHarvest.Api.csproj", "{21D635E6-BCCB-40F2-AFF6-E3ED9A7A0AEE}"
EndProject
Global
	GlobalSection(SolutionConfigurationPlatforms) = preSolution
		Debug|Any CPU = Debug|Any CPU
		Release|Any CPU = Release|Any CPU
	EndGlobalSection
	GlobalSection(ProjectConfigurationPlatforms) = postSolution
		{21D635E6-BCCB-40F2-AFF6-E3ED9A7A0AEE}.Debug|Any CPU.ActiveCfg = Debug|Any CPU
		{21D635E6-BCCB-40F2-AFF6-E3ED9A7A0AEE}.Debug|Any CPU.Build.0 = Debug|Any CPU
		{21D635E6-BCCB-40F2-AFF6-E3ED9A7A0AEE}.Release|Any CPU.ActiveCfg = Release|Any CPU
		{21D635E6-BCCB-40F2-AFF6-E3ED9A7A0AEE}.Release|Any CPU.Build.0 = Release|Any CPU
	EndGlobalSection
	GlobalSection(SolutionProperties) = preSolution
		HideSolutionNode = FALSE
	EndGlobalSection
	GlobalSection(ExtensibilityGlobals) = postSolution
		SolutionGuid = {7713D61C-CDCB-405B-9426-A3F97A968032}
	EndGlobalSection
EndGlobal
